// !$*UTF8*$!
{
	archiveVersion = 1;
	classes = {
	};
	objectVersion = 46;
	objects = {

/* Begin PBXBuildFile section */
		C1F001DD1CBF0C09009F325E /* AppDelegate.swift in Sources */ = {isa = PBXBuildFile; fileRef = C1F001DC1CBF0C09009F325E /* AppDelegate.swift */; };
		C1F001E21CBF0C09009F325E /* Main.storyboard in Resources */ = {isa = PBXBuildFile; fileRef = C1F001E01CBF0C09009F325E /* Main.storyboard */; };
		C1F001E51CBF0C09009F325E /* ExchangeAGram.xcdatamodeld in Sources */ = {isa = PBXBuildFile; fileRef = C1F001E31CBF0C09009F325E /* ExchangeAGram.xcdatamodeld */; };
		C1F001E71CBF0C09009F325E /* Assets.xcassets in Resources */ = {isa = PBXBuildFile; fileRef = C1F001E61CBF0C09009F325E /* Assets.xcassets */; };
		C1F001EA1CBF0C09009F325E /* LaunchScreen.storyboard in Resources */ = {isa = PBXBuildFile; fileRef = C1F001E81CBF0C09009F325E /* LaunchScreen.storyboard */; };
		C1F001F51CBF0C09009F325E /* ExchangeAGramTests.swift in Sources */ = {isa = PBXBuildFile; fileRef = C1F001F41CBF0C09009F325E /* ExchangeAGramTests.swift */; };
		C1F002001CBF0C09009F325E /* ExchangeAGramUITests.swift in Sources */ = {isa = PBXBuildFile; fileRef = C1F001FF1CBF0C09009F325E /* ExchangeAGramUITests.swift */; };
		C1F0020E1CBF0E04009F325E /* FeedViewController.swift in Sources */ = {isa = PBXBuildFile; fileRef = C1F0020D1CBF0E04009F325E /* FeedViewController.swift */; };
		C1F002101CBF1566009F325E /* FeedCollectionViewCell.swift in Sources */ = {isa = PBXBuildFile; fileRef = C1F0020F1CBF1566009F325E /* FeedCollectionViewCell.swift */; };
		C1F002121CBF1CA8009F325E /* MobileCoreServices.framework in Frameworks */ = {isa = PBXBuildFile; fileRef = C1F002111CBF1CA8009F325E /* MobileCoreServices.framework */; };
		C1F002161CBF32ED009F325E /* FeedItem+CoreDataProperties.swift in Sources */ = {isa = PBXBuildFile; fileRef = C1F002141CBF32ED009F325E /* FeedItem+CoreDataProperties.swift */; };
		C1F002171CBF32ED009F325E /* FeedItem.swift in Sources */ = {isa = PBXBuildFile; fileRef = C1F002151CBF32ED009F325E /* FeedItem.swift */; };
/* End PBXBuildFile section */

/* Begin PBXContainerItemProxy section */
		C1F001F11CBF0C09009F325E /* PBXContainerItemProxy */ = {
			isa = PBXContainerItemProxy;
			containerPortal = C1F001D11CBF0C09009F325E /* Project object */;
			proxyType = 1;
			remoteGlobalIDString = C1F001D81CBF0C09009F325E;
			remoteInfo = ExchangeAGram;
		};
		C1F001FC1CBF0C09009F325E /* PBXContainerItemProxy */ = {
			isa = PBXContainerItemProxy;
			containerPortal = C1F001D11CBF0C09009F325E /* Project object */;
			proxyType = 1;
			remoteGlobalIDString = C1F001D81CBF0C09009F325E;
			remoteInfo = ExchangeAGram;
		};
/* End PBXContainerItemProxy section */

/* Begin PBXFileReference section */
		C1F001D91CBF0C09009F325E /* ExchangeAGram.app */ = {isa = PBXFileReference; explicitFileType = wrapper.application; includeInIndex = 0; path = ExchangeAGram.app; sourceTree = BUILT_PRODUCTS_DIR; };
		C1F001DC1CBF0C09009F325E /* AppDelegate.swift */ = {isa = PBXFileReference; lastKnownFileType = sourcecode.swift; path = AppDelegate.swift; sourceTree = "<group>"; };
		C1F001E11CBF0C09009F325E /* Base */ = {isa = PBXFileReference; lastKnownFileType = file.storyboard; name = Base; path = Base.lproj/Main.storyboard; sourceTree = "<group>"; };
		C1F001E41CBF0C09009F325E /* ExchangeAGram.xcdatamodel */ = {isa = PBXFileReference; lastKnownFileType = wrapper.xcdatamodel; path = ExchangeAGram.xcdatamodel; sourceTree = "<group>"; };
		C1F001E61CBF0C09009F325E /* Assets.xcassets */ = {isa = PBXFileReference; lastKnownFileType = folder.assetcatalog; path = Assets.xcassets; sourceTree = "<group>"; };
		C1F001E91CBF0C09009F325E /* Base */ = {isa = PBXFileReference; lastKnownFileType = file.storyboard; name = Base; path = Base.lproj/LaunchScreen.storyboard; sourceTree = "<group>"; };
		C1F001EB1CBF0C09009F325E /* Info.plist */ = {isa = PBXFileReference; lastKnownFileType = text.plist.xml; path = Info.plist; sourceTree = "<group>"; };
		C1F001F01CBF0C09009F325E /* ExchangeAGramTests.xctest */ = {isa = PBXFileReference; explicitFileType = wrapper.cfbundle; includeInIndex = 0; path = ExchangeAGramTests.xctest; sourceTree = BUILT_PRODUCTS_DIR; };
		C1F001F41CBF0C09009F325E /* ExchangeAGramTests.swift */ = {isa = PBXFileReference; lastKnownFileType = sourcecode.swift; path = ExchangeAGramTests.swift; sourceTree = "<group>"; };
		C1F001F61CBF0C09009F325E /* Info.plist */ = {isa = PBXFileReference; lastKnownFileType = text.plist.xml; path = Info.plist; sourceTree = "<group>"; };
		C1F001FB1CBF0C09009F325E /* ExchangeAGramUITests.xctest */ = {isa = PBXFileReference; explicitFileType = wrapper.cfbundle; includeInIndex = 0; path = ExchangeAGramUITests.xctest; sourceTree = BUILT_PRODUCTS_DIR; };
		C1F001FF1CBF0C09009F325E /* ExchangeAGramUITests.swift */ = {isa = PBXFileReference; lastKnownFileType = sourcecode.swift; path = ExchangeAGramUITests.swift; sourceTree = "<group>"; };
		C1F002011CBF0C09009F325E /* Info.plist */ = {isa = PBXFileReference; lastKnownFileType = text.plist.xml; path = Info.plist; sourceTree = "<group>"; };
		C1F0020D1CBF0E04009F325E /* FeedViewController.swift */ = {isa = PBXFileReference; fileEncoding = 4; lastKnownFileType = sourcecode.swift; path = FeedViewController.swift; sourceTree = "<group>"; };
		C1F0020F1CBF1566009F325E /* FeedCollectionViewCell.swift */ = {isa = PBXFileReference; fileEncoding = 4; lastKnownFileType = sourcecode.swift; path = FeedCollectionViewCell.swift; sourceTree = "<group>"; };
		C1F002111CBF1CA8009F325E /* MobileCoreServices.framework */ = {isa = PBXFileReference; lastKnownFileType = wrapper.framework; name = MobileCoreServices.framework; path = System/Library/Frameworks/MobileCoreServices.framework; sourceTree = SDKROOT; };
		C1F002141CBF32ED009F325E /* FeedItem+CoreDataProperties.swift */ = {isa = PBXFileReference; fileEncoding = 4; lastKnownFileType = sourcecode.swift; name = "FeedItem+CoreDataProperties.swift"; path = "../FeedItem+CoreDataProperties.swift"; sourceTree = "<group>"; };
		C1F002151CBF32ED009F325E /* FeedItem.swift */ = {isa = PBXFileReference; fileEncoding = 4; lastKnownFileType = sourcecode.swift; name = FeedItem.swift; path = ../FeedItem.swift; sourceTree = "<group>"; };
/* End PBXFileReference section */

/* Begin PBXFrameworksBuildPhase section */
		C1F001D61CBF0C09009F325E /* Frameworks */ = {
			isa = PBXFrameworksBuildPhase;
			buildActionMask = 2147483647;
			files = (
				C1F002121CBF1CA8009F325E /* MobileCoreServices.framework in Frameworks */,
			);
			runOnlyForDeploymentPostprocessing = 0;
		};
		C1F001ED1CBF0C09009F325E /* Frameworks */ = {
			isa = PBXFrameworksBuildPhase;
			buildActionMask = 2147483647;
			files = (
			);
			runOnlyForDeploymentPostprocessing = 0;
		};
		C1F001F81CBF0C09009F325E /* Frameworks */ = {
			isa = PBXFrameworksBuildPhase;
			buildActionMask = 2147483647;
			files = (
			);
			runOnlyForDeploymentPostprocessing = 0;
		};
/* End PBXFrameworksBuildPhase section */

/* Begin PBXGroup section */
		C1F001D01CBF0C09009F325E = {
			isa = PBXGroup;
			children = (
				C1F001DB1CBF0C09009F325E /* ExchangeAGram */,
				C1F002131CBF282B009F325E /* SupportingFiles */,
				C1F001F31CBF0C09009F325E /* ExchangeAGramTests */,
				C1F001FE1CBF0C09009F325E /* ExchangeAGramUITests */,
				C1F001DA1CBF0C09009F325E /* Products */,
			);
			sourceTree = "<group>";
		};
		C1F001DA1CBF0C09009F325E /* Products */ = {
			isa = PBXGroup;
			children = (
				C1F001D91CBF0C09009F325E /* ExchangeAGram.app */,
				C1F001F01CBF0C09009F325E /* ExchangeAGramTests.xctest */,
				C1F001FB1CBF0C09009F325E /* ExchangeAGramUITests.xctest */,
			);
			name = Products;
			sourceTree = "<group>";
		};
		C1F001DB1CBF0C09009F325E /* ExchangeAGram */ = {
			isa = PBXGroup;
			children = (
				C1F002141CBF32ED009F325E /* FeedItem+CoreDataProperties.swift */,
				C1F002151CBF32ED009F325E /* FeedItem.swift */,
				C1F001DC1CBF0C09009F325E /* AppDelegate.swift */,
				C1F0020D1CBF0E04009F325E /* FeedViewController.swift */,
				C1F0020F1CBF1566009F325E /* FeedCollectionViewCell.swift */,
				C1F001E01CBF0C09009F325E /* Main.storyboard */,
				C1F001E61CBF0C09009F325E /* Assets.xcassets */,
				C1F001E81CBF0C09009F325E /* LaunchScreen.storyboard */,
				C1F001EB1CBF0C09009F325E /* Info.plist */,
				C1F001E31CBF0C09009F325E /* ExchangeAGram.xcdatamodeld */,
			);
			path = ExchangeAGram;
			sourceTree = "<group>";
		};
		C1F001F31CBF0C09009F325E /* ExchangeAGramTests */ = {
			isa = PBXGroup;
			children = (
				C1F001F41CBF0C09009F325E /* ExchangeAGramTests.swift */,
				C1F001F61CBF0C09009F325E /* Info.plist */,
			);
			path = ExchangeAGramTests;
			sourceTree = "<group>";
		};
		C1F001FE1CBF0C09009F325E /* ExchangeAGramUITests */ = {
			isa = PBXGroup;
			children = (
				C1F001FF1CBF0C09009F325E /* ExchangeAGramUITests.swift */,
				C1F002011CBF0C09009F325E /* Info.plist */,
			);
			path = ExchangeAGramUITests;
			sourceTree = "<group>";
		};
		C1F002131CBF282B009F325E /* SupportingFiles */ = {
			isa = PBXGroup;
			children = (
				C1F002111CBF1CA8009F325E /* MobileCoreServices.framework */,
			);
			name = SupportingFiles;
			sourceTree = "<group>";
		};
/* End PBXGroup section */

/* Begin PBXNativeTarget section */
		C1F001D81CBF0C09009F325E /* ExchangeAGram */ = {
			isa = PBXNativeTarget;
			buildConfigurationList = C1F002041CBF0C09009F325E /* Build configuration list for PBXNativeTarget "ExchangeAGram" */;
			buildPhases = (
				C1F001D51CBF0C09009F325E /* Sources */,
				C1F001D61CBF0C09009F325E /* Frameworks */,
				C1F001D71CBF0C09009F325E /* Resources */,
			);
			buildRules = (
			);
			dependencies = (
			);
			name = ExchangeAGram;
			productName = ExchangeAGram;
			productReference = C1F001D91CBF0C09009F325E /* ExchangeAGram.app */;
			productType = "com.apple.product-type.application";
		};
		C1F001EF1CBF0C09009F325E /* ExchangeAGramTests */ = {
			isa = PBXNativeTarget;
			buildConfigurationList = C1F002071CBF0C09009F325E /* Build configuration list for PBXNativeTarget "ExchangeAGramTests" */;
			buildPhases = (
				C1F001EC1CBF0C09009F325E /* Sources */,
				C1F001ED1CBF0C09009F325E /* Frameworks */,
				C1F001EE1CBF0C09009F325E /* Resources */,
			);
			buildRules = (
			);
			dependencies = (
				C1F001F21CBF0C09009F325E /* PBXTargetDependency */,
			);
			name = ExchangeAGramTests;
			productName = ExchangeAGramTests;
			productReference = C1F001F01CBF0C09009F325E /* ExchangeAGramTests.xctest */;
			productType = "com.apple.product-type.bundle.unit-test";
		};
		C1F001FA1CBF0C09009F325E /* ExchangeAGramUITests */ = {
			isa = PBXNativeTarget;
			buildConfigurationList = C1F0020A1CBF0C09009F325E /* Build configuration list for PBXNativeTarget "ExchangeAGramUITests" */;
			buildPhases = (
				C1F001F71CBF0C09009F325E /* Sources */,
				C1F001F81CBF0C09009F325E /* Frameworks */,
				C1F001F91CBF0C09009F325E /* Resources */,
			);
			buildRules = (
			);
			dependencies = (
				C1F001FD1CBF0C09009F325E /* PBXTargetDependency */,
			);
			name = ExchangeAGramUITests;
			productName = ExchangeAGramUITests;
			productReference = C1F001FB1CBF0C09009F325E /* ExchangeAGramUITests.xctest */;
			productType = "com.apple.product-type.bundle.ui-testing";
		};
/* End PBXNativeTarget section */

/* Begin PBXProject section */
		C1F001D11CBF0C09009F325E /* Project object */ = {
			isa = PBXProject;
			attributes = {
				LastSwiftUpdateCheck = 0730;
				LastUpgradeCheck = 0730;
				ORGANIZATIONNAME = "Francisco Ragland";
				TargetAttributes = {
					C1F001D81CBF0C09009F325E = {
						CreatedOnToolsVersion = 7.3;
					};
					C1F001EF1CBF0C09009F325E = {
						CreatedOnToolsVersion = 7.3;
						TestTargetID = C1F001D81CBF0C09009F325E;
					};
					C1F001FA1CBF0C09009F325E = {
						CreatedOnToolsVersion = 7.3;
						TestTargetID = C1F001D81CBF0C09009F325E;
					};
				};
			};
			buildConfigurationList = C1F001D41CBF0C09009F325E /* Build configuration list for PBXProject "ExchangeAGram" */;
			compatibilityVersion = "Xcode 3.2";
			developmentRegion = English;
			hasScannedForEncodings = 0;
			knownRegions = (
				en,
				Base,
			);
			mainGroup = C1F001D01CBF0C09009F325E;
			productRefGroup = C1F001DA1CBF0C09009F325E /* Products */;
			projectDirPath = "";
			projectRoot = "";
			targets = (
				C1F001D81CBF0C09009F325E /* ExchangeAGram */,
				C1F001EF1CBF0C09009F325E /* ExchangeAGramTests */,
				C1F001FA1CBF0C09009F325E /* ExchangeAGramUITests */,
			);
		};
/* End PBXProject section */

/* Begin PBXResourcesBuildPhase section */
		C1F001D71CBF0C09009F325E /* Resources */ = {
			isa = PBXResourcesBuildPhase;
			buildActionMask = 2147483647;
			files = (
				C1F001EA1CBF0C09009F325E /* LaunchScreen.storyboard in Resources */,
				C1F001E71CBF0C09009F325E /* Assets.xcassets in Resources */,
				C1F001E21CBF0C09009F325E /* Main.storyboard in Resources */,
			);
			runOnlyForDeploymentPostprocessing = 0;
		};
		C1F001EE1CBF0C09009F325E /* Resources */ = {
			isa = PBXResourcesBuildPhase;
			buildActionMask = 2147483647;
			files = (
			);
			runOnlyForDeploymentPostprocessing = 0;
		};
		C1F001F91CBF0C09009F325E /* Resources */ = {
			isa = PBXResourcesBuildPhase;
			buildActionMask = 2147483647;
			files = (
			);
			runOnlyForDeploymentPostprocessing = 0;
		};
/* End PBXResourcesBuildPhase section */

/* Begin PBXSourcesBuildPhase section */
		C1F001D51CBF0C09009F325E /* Sources */ = {
			isa = PBXSourcesBuildPhase;
			buildActionMask = 2147483647;
			files = (
				C1F001E51CBF0C09009F325E /* ExchangeAGram.xcdatamodeld in Sources */,
				C1F002161CBF32ED009F325E /* FeedItem+CoreDataProperties.swift in Sources */,
				C1F002171CBF32ED009F325E /* FeedItem.swift in Sources */,
				C1F0020E1CBF0E04009F325E /* FeedViewController.swift in Sources */,
				C1F002101CBF1566009F325E /* FeedCollectionViewCell.swift in Sources */,
				C1F001DD1CBF0C09009F325E /* AppDelegate.swift in Sources */,
			);
			runOnlyForDeploymentPostprocessing = 0;
		};
		C1F001EC1CBF0C09009F325E /* Sources */ = {
			isa = PBXSourcesBuildPhase;
			buildActionMask = 2147483647;
			files = (
				C1F001F51CBF0C09009F325E /* ExchangeAGramTests.swift in Sources */,
			);
			runOnlyForDeploymentPostprocessing = 0;
		};
		C1F001F71CBF0C09009F325E /* Sources */ = {
			isa = PBXSourcesBuildPhase;
			buildActionMask = 2147483647;
			files = (
				C1F002001CBF0C09009F325E /* ExchangeAGramUITests.swift in Sources */,
			);
			runOnlyForDeploymentPostprocessing = 0;
		};
/* End PBXSourcesBuildPhase section */

/* Begin PBXTargetDependency section */
		C1F001F21CBF0C09009F325E /* PBXTargetDependency */ = {
			isa = PBXTargetDependency;
			target = C1F001D81CBF0C09009F325E /* ExchangeAGram */;
			targetProxy = C1F001F11CBF0C09009F325E /* PBXContainerItemProxy */;
		};
		C1F001FD1CBF0C09009F325E /* PBXTargetDependency */ = {
			isa = PBXTargetDependency;
			target = C1F001D81CBF0C09009F325E /* ExchangeAGram */;
			targetProxy = C1F001FC1CBF0C09009F325E /* PBXContainerItemProxy */;
		};
/* End PBXTargetDependency section */

/* Begin PBXVariantGroup section */
		C1F001E01CBF0C09009F325E /* Main.storyboard */ = {
			isa = PBXVariantGroup;
			children = (
				C1F001E11CBF0C09009F325E /* Base */,
			);
			name = Main.storyboard;
			sourceTree = "<group>";
		};
		C1F001E81CBF0C09009F325E /* LaunchScreen.storyboard */ = {
			isa = PBXVariantGroup;
			children = (
				C1F001E91CBF0C09009F325E /* Base */,
			);
			name = LaunchScreen.storyboard;
			sourceTree = "<group>";
		};
/* End PBXVariantGroup section */

/* Begin XCBuildConfiguration section */
		C1F002021CBF0C09009F325E /* Debug */ = {
			isa = XCBuildConfiguration;
			buildSettings = {
				ALWAYS_SEARCH_USER_PATHS = NO;
				CLANG_ANALYZER_NONNULL = YES;
				CLANG_CXX_LANGUAGE_STANDARD = "gnu++0x";
				CLANG_CXX_LIBRARY = "libc++";
				CLANG_ENABLE_MODULES = YES;
				CLANG_ENABLE_OBJC_ARC = YES;
				CLANG_WARN_BOOL_CONVERSION = YES;
				CLANG_WARN_CONSTANT_CONVERSION = YES;
				CLANG_WARN_DIRECT_OBJC_ISA_USAGE = YES_ERROR;
				CLANG_WARN_EMPTY_BODY = YES;
				CLANG_WARN_ENUM_CONVERSION = YES;
				CLANG_WARN_INT_CONVERSION = YES;
				CLANG_WARN_OBJC_ROOT_CLASS = YES_ERROR;
				CLANG_WARN_UNREACHABLE_CODE = YES;
				CLANG_WARN__DUPLICATE_METHOD_MATCH = YES;
				"CODE_SIGN_IDENTITY[sdk=iphoneos*]" = "iPhone Developer";
				COPY_PHASE_STRIP = NO;
				DEBUG_INFORMATION_FORMAT = dwarf;
				ENABLE_STRICT_OBJC_MSGSEND = YES;
				ENABLE_TESTABILITY = YES;
				GCC_C_LANGUAGE_STANDARD = gnu99;
				GCC_DYNAMIC_NO_PIC = NO;
				GCC_NO_COMMON_BLOCKS = YES;
				GCC_OPTIMIZATION_LEVEL = 0;
				GCC_PREPROCESSOR_DEFINITIONS = (
					"DEBUG=1",
					"$(inherited)",
				);
				GCC_WARN_64_TO_32_BIT_CONVERSION = YES;
				GCC_WARN_ABOUT_RETURN_TYPE = YES_ERROR;
				GCC_WARN_UNDECLARED_SELECTOR = YES;
				GCC_WARN_UNINITIALIZED_AUTOS = YES_AGGRESSIVE;
				GCC_WARN_UNUSED_FUNCTION = YES;
				GCC_WARN_UNUSED_VARIABLE = YES;
				IPHONEOS_DEPLOYMENT_TARGET = 9.3;
				MTL_ENABLE_DEBUG_INFO = YES;
				ONLY_ACTIVE_ARCH = YES;
				SDKROOT = iphoneos;
				SWIFT_OPTIMIZATION_LEVEL = "-Onone";
			};
			name = Debug;
		};
		C1F002031CBF0C09009F325E /* Release */ = {
			isa = XCBuildConfiguration;
			buildSettings = {
				ALWAYS_SEARCH_USER_PATHS = NO;
				CLANG_ANALYZER_NONNULL = YES;
				CLANG_CXX_LANGUAGE_STANDARD = "gnu++0x";
				CLANG_CXX_LIBRARY = "libc++";
				CLANG_ENABLE_MODULES = YES;
				CLANG_ENABLE_OBJC_ARC = YES;
				CLANG_WARN_BOOL_CONVERSION = YES;
				CLANG_WARN_CONSTANT_CONVERSION = YES;
				CLANG_WARN_DIRECT_OBJC_ISA_USAGE = YES_ERROR;
				CLANG_WARN_EMPTY_BODY = YES;
				CLANG_WARN_ENUM_CONVERSION = YES;
				CLANG_WARN_INT_CONVERSION = YES;
				CLANG_WARN_OBJC_ROOT_CLASS = YES_ERROR;
				CLANG_WARN_UNREACHABLE_CODE = YES;
				CLANG_WARN__DUPLICATE_METHOD_MATCH = YES;
				"CODE_SIGN_IDENTITY[sdk=iphoneos*]" = "iPhone Developer";
				COPY_PHASE_STRIP = NO;
				DEBUG_INFORMATION_FORMAT = "dwarf-with-dsym";
				ENABLE_NS_ASSERTIONS = NO;
				ENABLE_STRICT_OBJC_MSGSEND = YES;
				GCC_C_LANGUAGE_STANDARD = gnu99;
				GCC_NO_COMMON_BLOCKS = YES;
				GCC_WARN_64_TO_32_BIT_CONVERSION = YES;
				GCC_WARN_ABOUT_RETURN_TYPE = YES_ERROR;
				GCC_WARN_UNDECLARED_SELECTOR = YES;
				GCC_WARN_UNINITIALIZED_AUTOS = YES_AGGRESSIVE;
				GCC_WARN_UNUSED_FUNCTION = YES;
				GCC_WARN_UNUSED_VARIABLE = YES;
				IPHONEOS_DEPLOYMENT_TARGET = 9.3;
				MTL_ENABLE_DEBUG_INFO = NO;
				SDKROOT = iphoneos;
				VALIDATE_PRODUCT = YES;
			};
			name = Release;
		};
		C1F002051CBF0C09009F325E /* Debug */ = {
			isa = XCBuildConfiguration;
			buildSettings = {
				ASSETCATALOG_COMPILER_APPICON_NAME = AppIcon;
				INFOPLIST_FILE = ExchangeAGram/Info.plist;
				LD_RUNPATH_SEARCH_PATHS = "$(inherited) @executable_path/Frameworks";
				PRODUCT_BUNDLE_IDENTIFIER = com.franciscoragland.ExchangeAGram;
				PRODUCT_NAME = "$(TARGET_NAME)";
			};
			name = Debug;
		};
		C1F002061CBF0C09009F325E /* Release */ = {
			isa = XCBuildConfiguration;
			buildSettings = {
				ASSETCATALOG_COMPILER_APPICON_NAME = AppIcon;
				INFOPLIST_FILE = ExchangeAGram/Info.plist;
				LD_RUNPATH_SEARCH_PATHS = "$(inherited) @executable_path/Frameworks";
				PRODUCT_BUNDLE_IDENTIFIER = com.franciscoragland.ExchangeAGram;
				PRODUCT_NAME = "$(TARGET_NAME)";
			};
			name = Release;
		};
		C1F002081CBF0C09009F325E /* Debug */ = {
			isa = XCBuildConfiguration;
			buildSettings = {
				BUNDLE_LOADER = "$(TEST_HOST)";
				INFOPLIST_FILE = ExchangeAGramTests/Info.plist;
				LD_RUNPATH_SEARCH_PATHS = "$(inherited) @executable_path/Frameworks @loader_path/Frameworks";
				PRODUCT_BUNDLE_IDENTIFIER = com.franciscoragland.ExchangeAGramTests;
				PRODUCT_NAME = "$(TARGET_NAME)";
				TEST_HOST = "$(BUILT_PRODUCTS_DIR)/ExchangeAGram.app/ExchangeAGram";
			};
			name = Debug;
		};
		C1F002091CBF0C09009F325E /* Release */ = {
			isa = XCBuildConfiguration;
			buildSettings = {
				BUNDLE_LOADER = "$(TEST_HOST)";
				INFOPLIST_FILE = ExchangeAGramTests/Info.plist;
				LD_RUNPATH_SEARCH_PATHS = "$(inherited) @executable_path/Frameworks @loader_path/Frameworks";
				PRODUCT_BUNDLE_IDENTIFIER = com.franciscoragland.ExchangeAGramTests;
				PRODUCT_NAME = "$(TARGET_NAME)";
				TEST_HOST = "$(BUILT_PRODUCTS_DIR)/ExchangeAGram.app/ExchangeAGram";
			};
			name = Release;
		};
		C1F0020B1CBF0C09009F325E /* Debug */ = {
			isa = XCBuildConfiguration;
			buildSettings = {
				INFOPLIST_FILE = ExchangeAGramUITests/Info.plist;
				LD_RUNPATH_SEARCH_PATHS = "$(inherited) @executable_path/Frameworks @loader_path/Frameworks";
				PRODUCT_BUNDLE_IDENTIFIER = com.franciscoragland.ExchangeAGramUITests;
				PRODUCT_NAME = "$(TARGET_NAME)";
				TEST_TARGET_NAME = ExchangeAGram;
			};
			name = Debug;
		};
		C1F0020C1CBF0C09009F325E /* Release */ = {
			isa = XCBuildConfiguration;
			buildSettings = {
				INFOPLIST_FILE = ExchangeAGramUITests/Info.plist;
				LD_RUNPATH_SEARCH_PATHS = "$(inherited) @executable_path/Frameworks @loader_path/Frameworks";
				PRODUCT_BUNDLE_IDENTIFIER = com.franciscoragland.ExchangeAGramUITests;
				PRODUCT_NAME = "$(TARGET_NAME)";
				TEST_TARGET_NAME = ExchangeAGram;
			};
			name = Release;
		};
/* End XCBuildConfiguration section */

/* Begin XCConfigurationList section */
		C1F001D41CBF0C09009F325E /* Build configuration list for PBXProject "ExchangeAGram" */ = {
			isa = XCConfigurationList;
			buildConfigurations = (
				C1F002021CBF0C09009F325E /* Debug */,
				C1F002031CBF0C09009F325E /* Release */,
			);
			defaultConfigurationIsVisible = 0;
			defaultConfigurationName = Release;
		};
		C1F002041CBF0C09009F325E /* Build configuration list for PBXNativeTarget "ExchangeAGram" */ = {
			isa = XCConfigurationList;
			buildConfigurations = (
				C1F002051CBF0C09009F325E /* Debug */,
				C1F002061CBF0C09009F325E /* Release */,
			);
			defaultConfigurationIsVisible = 0;
		};
		C1F002071CBF0C09009F325E /* Build configuration list for PBXNativeTarget "ExchangeAGramTests" */ = {
			isa = XCConfigurationList;
			buildConfigurations = (
				C1F002081CBF0C09009F325E /* Debug */,
				C1F002091CBF0C09009F325E /* Release */,
			);
			defaultConfigurationIsVisible = 0;
		};
		C1F0020A1CBF0C09009F325E /* Build configuration list for PBXNativeTarget "ExchangeAGramUITests" */ = {
			isa = XCConfigurationList;
			buildConfigurations = (
				C1F0020B1CBF0C09009F325E /* Debug */,
				C1F0020C1CBF0C09009F325E /* Release */,
			);
			defaultConfigurationIsVisible = 0;
		};
/* End XCConfigurationList section */

/* Begin XCVersionGroup section */
		C1F001E31CBF0C09009F325E /* ExchangeAGram.xcdatamodeld */ = {
			isa = XCVersionGroup;
			children = (
				C1F001E41CBF0C09009F325E /* ExchangeAGram.xcdatamodel */,
			);
			currentVersion = C1F001E41CBF0C09009F325E /* ExchangeAGram.xcdatamodel */;
			path = ExchangeAGram.xcdatamodeld;
			sourceTree = "<group>";
			versionGroupType = wrapper.xcdatamodel;
		};
/* End XCVersionGroup section */
	};
	rootObject = C1F001D11CBF0C09009F325E /* Project object */;
}
